
Microsoft Visual Studio Solution File, Format Version 12.00
# Visual Studio 15
VisualStudioVersion = 15.0.27130.2036
MinimumVisualStudioVersion = 10.0.40219.1
Project("{9A19103F-16F7-4668-BE54-9A1E7A4F7556}") = "LocalizationTest", "LocalizationTest\LocalizationTest.csproj", "{0733FD2E-4E96-4D35-B4B9-6C631282E003}"
EndProject
Project("{9A19103F-16F7-4668-BE54-9A1E7A4F7556}") = "LocalizationCore", "LocalizationCore\LocalizationCore.csproj", "{B747A0FB-BCC2-4465-AC4D-A7CFE4E2D404}"
EndProject
Global
	GlobalSection(SolutionConfigurationPlatforms) = preSolution
		Debug|Any CPU = Debug|Any CPU
		Release|Any CPU = Release|Any CPU
	EndGlobalSection
	GlobalSection(ProjectConfigurationPlatforms) = postSolution
		{0733FD2E-4E96-4D35-B4B9-6C631282E003}.Debug|Any CPU.ActiveCfg = Debug|Any CPU
		{0733FD2E-4E96-4D35-B4B9-6C631282E003}.Debug|Any CPU.Build.0 = Debug|Any CPU
		{0733FD2E-4E96-4D35-B4B9-6C631282E003}.Release|Any CPU.ActiveCfg = Release|Any CPU
		{0733FD2E-4E96-4D35-B4B9-6C631282E003}.Release|Any CPU.Build.0 = Release|Any CPU
		{B747A0FB-BCC2-4465-AC4D-A7CFE4E2D404}.Debug|Any CPU.ActiveCfg = Debug|Any CPU
		{B747A0FB-BCC2-4465-AC4D-A7CFE4E2D404}.Debug|Any CPU.Build.0 = Debug|Any CPU
		{B747A0FB-BCC2-4465-AC4D-A7CFE4E2D404}.Release|Any CPU.ActiveCfg = Release|Any CPU
		{B747A0FB-BCC2-4465-AC4D-A7CFE4E2D404}.Release|Any CPU.Build.0 = Release|Any CPU
	EndGlobalSection
	GlobalSection(SolutionProperties) = preSolution
		HideSolutionNode = FALSE
	EndGlobalSection
	GlobalSection(ExtensibilityGlobals) = postSolution
		SolutionGuid = {DE6FC80E-0CFE-410C-A873-958710BA80C4}
	EndGlobalSection
EndGlobal
